// !$*UTF8*$!
{
	archiveVersion = 1;
	classes = {
	};
	objectVersion = 46;
	objects = {

/* Begin PBXBuildFile section */
		1995FD2719DA1BCF0066A8E1 /* Foundation.framework in Frameworks */ = {isa = PBXBuildFile; fileRef = 1995FD2619DA1BCF0066A8E1 /* Foundation.framework */; };
		1995FD2C19DA1BCF0066A8E1 /* StrawServiceToast.h in CopyFiles */ = {isa = PBXBuildFile; fileRef = 1995FD2B19DA1BCF0066A8E1 /* StrawServiceToast.h */; };
		1995FD2E19DA1BCF0066A8E1 /* StrawServiceToast.m in Sources */ = {isa = PBXBuildFile; fileRef = 1995FD2D19DA1BCF0066A8E1 /* StrawServiceToast.m */; };
		1995FD3519DA1BCF0066A8E1 /* XCTest.framework in Frameworks */ = {isa = PBXBuildFile; fileRef = 1995FD3419DA1BCF0066A8E1 /* XCTest.framework */; };
		1995FD3619DA1BCF0066A8E1 /* Foundation.framework in Frameworks */ = {isa = PBXBuildFile; fileRef = 1995FD2619DA1BCF0066A8E1 /* Foundation.framework */; };
		1995FD3819DA1BCF0066A8E1 /* UIKit.framework in Frameworks */ = {isa = PBXBuildFile; fileRef = 1995FD3719DA1BCF0066A8E1 /* UIKit.framework */; };
		1995FD3B19DA1BCF0066A8E1 /* libStrawServiceToast.a in Frameworks */ = {isa = PBXBuildFile; fileRef = 1995FD2319DA1BCF0066A8E1 /* libStrawServiceToast.a */; };
		1995FD4119DA1BCF0066A8E1 /* InfoPlist.strings in Resources */ = {isa = PBXBuildFile; fileRef = 1995FD3F19DA1BCF0066A8E1 /* InfoPlist.strings */; };
		1995FD4319DA1BCF0066A8E1 /* StrawServiceToastTests.m in Sources */ = {isa = PBXBuildFile; fileRef = 1995FD4219DA1BCF0066A8E1 /* StrawServiceToastTests.m */; };
/* End PBXBuildFile section */

/* Begin PBXContainerItemProxy section */
		1995FD3919DA1BCF0066A8E1 /* PBXContainerItemProxy */ = {
			isa = PBXContainerItemProxy;
			containerPortal = 1995FD1B19DA1BCF0066A8E1 /* Project object */;
			proxyType = 1;
			remoteGlobalIDString = 1995FD2219DA1BCF0066A8E1;
			remoteInfo = StrawServiceToast;
		};
/* End PBXContainerItemProxy section */

/* Begin PBXCopyFilesBuildPhase section */
		1995FD2119DA1BCF0066A8E1 /* CopyFiles */ = {
			isa = PBXCopyFilesBuildPhase;
			buildActionMask = 2147483647;
			dstPath = "include/$(PRODUCT_NAME)";
			dstSubfolderSpec = 16;
			files = (
				1995FD2C19DA1BCF0066A8E1 /* StrawServiceToast.h in CopyFiles */,
			);
			runOnlyForDeploymentPostprocessing = 0;
		};
/* End PBXCopyFilesBuildPhase section */

/* Begin PBXFileReference section */
		1995FD2319DA1BCF0066A8E1 /* libStrawServiceToast.a */ = {isa = PBXFileReference; explicitFileType = archive.ar; includeInIndex = 0; path = libStrawServiceToast.a; sourceTree = BUILT_PRODUCTS_DIR; };
		1995FD2619DA1BCF0066A8E1 /* Foundation.framework */ = {isa = PBXFileReference; lastKnownFileType = wrapper.framework; name = Foundation.framework; path = System/Library/Frameworks/Foundation.framework; sourceTree = SDKROOT; };
		1995FD2A19DA1BCF0066A8E1 /* StrawServiceToast-Prefix.pch */ = {isa = PBXFileReference; lastKnownFileType = sourcecode.c.h; path = "StrawServiceToast-Prefix.pch"; sourceTree = "<group>"; };
		1995FD2B19DA1BCF0066A8E1 /* StrawServiceToast.h */ = {isa = PBXFileReference; lastKnownFileType = sourcecode.c.h; path = StrawServiceToast.h; sourceTree = "<group>"; };
		1995FD2D19DA1BCF0066A8E1 /* StrawServiceToast.m */ = {isa = PBXFileReference; lastKnownFileType = sourcecode.c.objc; path = StrawServiceToast.m; sourceTree = "<group>"; };
		1995FD3319DA1BCF0066A8E1 /* StrawServiceToastTests.xctest */ = {isa = PBXFileReference; explicitFileType = wrapper.cfbundle; includeInIndex = 0; path = StrawServiceToastTests.xctest; sourceTree = BUILT_PRODUCTS_DIR; };
		1995FD3419DA1BCF0066A8E1 /* XCTest.framework */ = {isa = PBXFileReference; lastKnownFileType = wrapper.framework; name = XCTest.framework; path = Library/Frameworks/XCTest.framework; sourceTree = DEVELOPER_DIR; };
		1995FD3719DA1BCF0066A8E1 /* UIKit.framework */ = {isa = PBXFileReference; lastKnownFileType = wrapper.framework; name = UIKit.framework; path = Library/Frameworks/UIKit.framework; sourceTree = DEVELOPER_DIR; };
		1995FD3E19DA1BCF0066A8E1 /* StrawServiceToastTests-Info.plist */ = {isa = PBXFileReference; lastKnownFileType = text.plist.xml; path = "StrawServiceToastTests-Info.plist"; sourceTree = "<group>"; };
		1995FD4019DA1BCF0066A8E1 /* en */ = {isa = PBXFileReference; lastKnownFileType = text.plist.strings; name = en; path = en.lproj/InfoPlist.strings; sourceTree = "<group>"; };
		1995FD4219DA1BCF0066A8E1 /* StrawServiceToastTests.m */ = {isa = PBXFileReference; lastKnownFileType = sourcecode.c.objc; path = StrawServiceToastTests.m; sourceTree = "<group>"; };
/* End PBXFileReference section */

/* Begin PBXFrameworksBuildPhase section */
		1995FD2019DA1BCF0066A8E1 /* Frameworks */ = {
			isa = PBXFrameworksBuildPhase;
			buildActionMask = 2147483647;
			files = (
				1995FD2719DA1BCF0066A8E1 /* Foundation.framework in Frameworks */,
			);
			runOnlyForDeploymentPostprocessing = 0;
		};
		1995FD3019DA1BCF0066A8E1 /* Frameworks */ = {
			isa = PBXFrameworksBuildPhase;
			buildActionMask = 2147483647;
			files = (
				1995FD3519DA1BCF0066A8E1 /* XCTest.framework in Frameworks */,
				1995FD3B19DA1BCF0066A8E1 /* libStrawServiceToast.a in Frameworks */,
				1995FD3819DA1BCF0066A8E1 /* UIKit.framework in Frameworks */,
				1995FD3619DA1BCF0066A8E1 /* Foundation.framework in Frameworks */,
			);
			runOnlyForDeploymentPostprocessing = 0;
		};
/* End PBXFrameworksBuildPhase section */

/* Begin PBXGroup section */
		1995FD1A19DA1BCF0066A8E1 = {
			isa = PBXGroup;
			children = (
				1995FD2819DA1BCF0066A8E1 /* StrawServiceToast */,
				1995FD3C19DA1BCF0066A8E1 /* StrawServiceToastTests */,
				1995FD2519DA1BCF0066A8E1 /* Frameworks */,
				1995FD2419DA1BCF0066A8E1 /* Products */,
			);
			sourceTree = "<group>";
		};
		1995FD2419DA1BCF0066A8E1 /* Products */ = {
			isa = PBXGroup;
			children = (
				1995FD2319DA1BCF0066A8E1 /* libStrawServiceToast.a */,
				1995FD3319DA1BCF0066A8E1 /* StrawServiceToastTests.xctest */,
			);
			name = Products;
			sourceTree = "<group>";
		};
		1995FD2519DA1BCF0066A8E1 /* Frameworks */ = {
			isa = PBXGroup;
			children = (
				1995FD2619DA1BCF0066A8E1 /* Foundation.framework */,
				1995FD3419DA1BCF0066A8E1 /* XCTest.framework */,
				1995FD3719DA1BCF0066A8E1 /* UIKit.framework */,
			);
			name = Frameworks;
			sourceTree = "<group>";
		};
		1995FD2819DA1BCF0066A8E1 /* StrawServiceToast */ = {
			isa = PBXGroup;
			children = (
				1995FD2B19DA1BCF0066A8E1 /* StrawServiceToast.h */,
				1995FD2D19DA1BCF0066A8E1 /* StrawServiceToast.m */,
				1995FD2919DA1BCF0066A8E1 /* Supporting Files */,
			);
			path = StrawServiceToast;
			sourceTree = "<group>";
		};
		1995FD2919DA1BCF0066A8E1 /* Supporting Files */ = {
			isa = PBXGroup;
			children = (
				1995FD2A19DA1BCF0066A8E1 /* StrawServiceToast-Prefix.pch */,
			);
			name = "Supporting Files";
			sourceTree = "<group>";
		};
		1995FD3C19DA1BCF0066A8E1 /* StrawServiceToastTests */ = {
			isa = PBXGroup;
			children = (
				1995FD4219DA1BCF0066A8E1 /* StrawServiceToastTests.m */,
				1995FD3D19DA1BCF0066A8E1 /* Supporting Files */,
			);
			path = StrawServiceToastTests;
			sourceTree = "<group>";
		};
		1995FD3D19DA1BCF0066A8E1 /* Supporting Files */ = {
			isa = PBXGroup;
			children = (
				1995FD3E19DA1BCF0066A8E1 /* StrawServiceToastTests-Info.plist */,
				1995FD3F19DA1BCF0066A8E1 /* InfoPlist.strings */,
			);
			name = "Supporting Files";
			sourceTree = "<group>";
		};
/* End PBXGroup section */

/* Begin PBXNativeTarget section */
		1995FD2219DA1BCF0066A8E1 /* StrawServiceToast */ = {
			isa = PBXNativeTarget;
			buildConfigurationList = 1995FD4619DA1BCF0066A8E1 /* Build configuration list for PBXNativeTarget "StrawServiceToast" */;
			buildPhases = (
				1995FD1F19DA1BCF0066A8E1 /* Sources */,
				1995FD2019DA1BCF0066A8E1 /* Frameworks */,
				1995FD2119DA1BCF0066A8E1 /* CopyFiles */,
			);
			buildRules = (
			);
			dependencies = (
			);
			name = StrawServiceToast;
			productName = StrawServiceToast;
			productReference = 1995FD2319DA1BCF0066A8E1 /* libStrawServiceToast.a */;
			productType = "com.apple.product-type.library.static";
		};
		1995FD3219DA1BCF0066A8E1 /* StrawServiceToastTests */ = {
			isa = PBXNativeTarget;
			buildConfigurationList = 1995FD4919DA1BCF0066A8E1 /* Build configuration list for PBXNativeTarget "StrawServiceToastTests" */;
			buildPhases = (
				1995FD2F19DA1BCF0066A8E1 /* Sources */,
				1995FD3019DA1BCF0066A8E1 /* Frameworks */,
				1995FD3119DA1BCF0066A8E1 /* Resources */,
			);
			buildRules = (
			);
			dependencies = (
				1995FD3A19DA1BCF0066A8E1 /* PBXTargetDependency */,
			);
			name = StrawServiceToastTests;
			productName = StrawServiceToastTests;
			productReference = 1995FD3319DA1BCF0066A8E1 /* StrawServiceToastTests.xctest */;
			productType = "com.apple.product-type.bundle.unit-test";
		};
/* End PBXNativeTarget section */

/* Begin PBXProject section */
		1995FD1B19DA1BCF0066A8E1 /* Project object */ = {
			isa = PBXProject;
			attributes = {
				LastUpgradeCheck = 0510;
				ORGANIZATIONNAME = strawjs.org;
			};
			buildConfigurationList = 1995FD1E19DA1BCF0066A8E1 /* Build configuration list for PBXProject "StrawServiceToast" */;
			compatibilityVersion = "Xcode 3.2";
			developmentRegion = English;
			hasScannedForEncodings = 0;
			knownRegions = (
				en,
			);
			mainGroup = 1995FD1A19DA1BCF0066A8E1;
			productRefGroup = 1995FD2419DA1BCF0066A8E1 /* Products */;
			projectDirPath = "";
			projectRoot = "";
			targets = (
				1995FD2219DA1BCF0066A8E1 /* StrawServiceToast */,
				1995FD3219DA1BCF0066A8E1 /* StrawServiceToastTests */,
			);
		};
/* End PBXProject section */

/* Begin PBXResourcesBuildPhase section */
		1995FD3119DA1BCF0066A8E1 /* Resources */ = {
			isa = PBXResourcesBuildPhase;
			buildActionMask = 2147483647;
			files = (
				1995FD4119DA1BCF0066A8E1 /* InfoPlist.strings in Resources */,
			);
			runOnlyForDeploymentPostprocessing = 0;
		};
/* End PBXResourcesBuildPhase section */

/* Begin PBXSourcesBuildPhase section */
		1995FD1F19DA1BCF0066A8E1 /* Sources */ = {
			isa = PBXSourcesBuildPhase;
			buildActionMask = 2147483647;
			files = (
				1995FD2E19DA1BCF0066A8E1 /* StrawServiceToast.m in Sources */,
			);
			runOnlyForDeploymentPostprocessing = 0;
		};
		1995FD2F19DA1BCF0066A8E1 /* Sources */ = {
			isa = PBXSourcesBuildPhase;
			buildActionMask = 2147483647;
			files = (
				1995FD4319DA1BCF0066A8E1 /* StrawServiceToastTests.m in Sources */,
			);
			runOnlyForDeploymentPostprocessing = 0;
		};
/* End PBXSourcesBuildPhase section */

/* Begin PBXTargetDependency section */
		1995FD3A19DA1BCF0066A8E1 /* PBXTargetDependency */ = {
			isa = PBXTargetDependency;
			target = 1995FD2219DA1BCF0066A8E1 /* StrawServiceToast */;
			targetProxy = 1995FD3919DA1BCF0066A8E1 /* PBXContainerItemProxy */;
		};
/* End PBXTargetDependency section */

/* Begin PBXVariantGroup section */
		1995FD3F19DA1BCF0066A8E1 /* InfoPlist.strings */ = {
			isa = PBXVariantGroup;
			children = (
				1995FD4019DA1BCF0066A8E1 /* en */,
			);
			name = InfoPlist.strings;
			sourceTree = "<group>";
		};
/* End PBXVariantGroup section */

/* Begin XCBuildConfiguration section */
		1995FD4419DA1BCF0066A8E1 /* Debug */ = {
			isa = XCBuildConfiguration;
			buildSettings = {
				ALWAYS_SEARCH_USER_PATHS = NO;
				CLANG_CXX_LANGUAGE_STANDARD = "gnu++0x";
				CLANG_CXX_LIBRARY = "libc++";
				CLANG_ENABLE_MODULES = YES;
				CLANG_ENABLE_OBJC_ARC = YES;
				CLANG_WARN_BOOL_CONVERSION = YES;
				CLANG_WARN_CONSTANT_CONVERSION = YES;
				CLANG_WARN_DIRECT_OBJC_ISA_USAGE = YES_ERROR;
				CLANG_WARN_EMPTY_BODY = YES;
				CLANG_WARN_ENUM_CONVERSION = YES;
				CLANG_WARN_INT_CONVERSION = YES;
				CLANG_WARN_OBJC_ROOT_CLASS = YES_ERROR;
				CLANG_WARN__DUPLICATE_METHOD_MATCH = YES;
				COPY_PHASE_STRIP = NO;
				GCC_C_LANGUAGE_STANDARD = gnu99;
				GCC_DYNAMIC_NO_PIC = NO;
				GCC_OPTIMIZATION_LEVEL = 0;
				GCC_PREPROCESSOR_DEFINITIONS = (
					"DEBUG=1",
					"$(inherited)",
				);
				GCC_SYMBOLS_PRIVATE_EXTERN = NO;
				GCC_WARN_64_TO_32_BIT_CONVERSION = YES;
				GCC_WARN_ABOUT_RETURN_TYPE = YES_ERROR;
				GCC_WARN_UNDECLARED_SELECTOR = YES;
				GCC_WARN_UNINITIALIZED_AUTOS = YES_AGGRESSIVE;
				GCC_WARN_UNUSED_FUNCTION = YES;
				GCC_WARN_UNUSED_VARIABLE = YES;
				IPHONEOS_DEPLOYMENT_TARGET = 7.1;
				ONLY_ACTIVE_ARCH = YES;
				SDKROOT = iphoneos;
			};
			name = Debug;
		};
		1995FD4519DA1BCF0066A8E1 /* Release */ = {
			isa = XCBuildConfiguration;
			buildSettings = {
				ALWAYS_SEARCH_USER_PATHS = NO;
				CLANG_CXX_LANGUAGE_STANDARD = "gnu++0x";
				CLANG_CXX_LIBRARY = "libc++";
				CLANG_ENABLE_MODULES = YES;
				CLANG_ENABLE_OBJC_ARC = YES;
				CLANG_WARN_BOOL_CONVERSION = YES;
				CLANG_WARN_CONSTANT_CONVERSION = YES;
				CLANG_WARN_DIRECT_OBJC_ISA_USAGE = YES_ERROR;
				CLANG_WARN_EMPTY_BODY = YES;
				CLANG_WARN_ENUM_CONVERSION = YES;
				CLANG_WARN_INT_CONVERSION = YES;
				CLANG_WARN_OBJC_ROOT_CLASS = YES_ERROR;
				CLANG_WARN__DUPLICATE_METHOD_MATCH = YES;
				COPY_PHASE_STRIP = YES;
				ENABLE_NS_ASSERTIONS = NO;
				GCC_C_LANGUAGE_STANDARD = gnu99;
				GCC_WARN_64_TO_32_BIT_CONVERSION = YES;
				GCC_WARN_ABOUT_RETURN_TYPE = YES_ERROR;
				GCC_WARN_UNDECLARED_SELECTOR = YES;
				GCC_WARN_UNINITIALIZED_AUTOS = YES_AGGRESSIVE;
				GCC_WARN_UNUSED_FUNCTION = YES;
				GCC_WARN_UNUSED_VARIABLE = YES;
				IPHONEOS_DEPLOYMENT_TARGET = 7.1;
				SDKROOT = iphoneos;
				VALIDATE_PRODUCT = YES;
			};
			name = Release;
		};
		1995FD4719DA1BCF0066A8E1 /* Debug */ = {
			isa = XCBuildConfiguration;
			buildSettings = {
				DSTROOT = /tmp/StrawServiceToast.dst;
				GCC_PRECOMPILE_PREFIX_HEADER = YES;
				GCC_PREFIX_HEADER = "StrawServiceToast/StrawServiceToast-Prefix.pch";
				OTHER_LDFLAGS = "-ObjC";
				PRODUCT_NAME = "$(TARGET_NAME)";
				SKIP_INSTALL = YES;
			};
			name = Debug;
		};
		1995FD4819DA1BCF0066A8E1 /* Release */ = {
			isa = XCBuildConfiguration;
			buildSettings = {
				DSTROOT = /tmp/StrawServiceToast.dst;
				GCC_PRECOMPILE_PREFIX_HEADER = YES;
				GCC_PREFIX_HEADER = "StrawServiceToast/StrawServiceToast-Prefix.pch";
				OTHER_LDFLAGS = "-ObjC";
				PRODUCT_NAME = "$(TARGET_NAME)";
				SKIP_INSTALL = YES;
			};
			name = Release;
		};
		1995FD4A19DA1BCF0066A8E1 /* Debug */ = {
			isa = XCBuildConfiguration;
			buildSettings = {
				FRAMEWORK_SEARCH_PATHS = (
					"$(SDKROOT)/Developer/Library/Frameworks",
					"$(inherited)",
					"$(DEVELOPER_FRAMEWORKS_DIR)",
				);
				GCC_PRECOMPILE_PREFIX_HEADER = YES;
				GCC_PREFIX_HEADER = "StrawServiceToast/StrawServiceToast-Prefix.pch";
				GCC_PREPROCESSOR_DEFINITIONS = (
					"DEBUG=1",
					"$(inherited)",
				);
				INFOPLIST_FILE = "StrawServiceToastTests/StrawServiceToastTests-Info.plist";
				PRODUCT_NAME = "$(TARGET_NAME)";
				WRAPPER_EXTENSION = xctest;
			};
			name = Debug;
		};
		1995FD4B19DA1BCF0066A8E1 /* Release */ = {
			isa = XCBuildConfiguration;
			buildSettings = {
				FRAMEWORK_SEARCH_PATHS = (
					"$(SDKROOT)/Developer/Library/Frameworks",
					"$(inherited)",
					"$(DEVELOPER_FRAMEWORKS_DIR)",
				);
				GCC_PRECOMPILE_PREFIX_HEADER = YES;
				GCC_PREFIX_HEADER = "StrawServiceToast/StrawServiceToast-Prefix.pch";
				INFOPLIST_FILE = "StrawServiceToastTests/StrawServiceToastTests-Info.plist";
				PRODUCT_NAME = "$(TARGET_NAME)";
				WRAPPER_EXTENSION = xctest;
			};
			name = Release;
		};
/* End XCBuildConfiguration section */

/* Begin XCConfigurationList section */
		1995FD1E19DA1BCF0066A8E1 /* Build configuration list for PBXProject "StrawServiceToast" */ = {
			isa = XCConfigurationList;
			buildConfigurations = (
				1995FD4419DA1BCF0066A8E1 /* Debug */,
				1995FD4519DA1BCF0066A8E1 /* Release */,
			);
			defaultConfigurationIsVisible = 0;
			defaultConfigurationName = Release;
		};
		1995FD4619DA1BCF0066A8E1 /* Build configuration list for PBXNativeTarget "StrawServiceToast" */ = {
			isa = XCConfigurationList;
			buildConfigurations = (
				1995FD4719DA1BCF0066A8E1 /* Debug */,
				1995FD4819DA1BCF0066A8E1 /* Release */,
			);
			defaultConfigurationIsVisible = 0;
		};
		1995FD4919DA1BCF0066A8E1 /* Build configuration list for PBXNativeTarget "StrawServiceToastTests" */ = {
			isa = XCConfigurationList;
			buildConfigurations = (
				1995FD4A19DA1BCF0066A8E1 /* Debug */,
				1995FD4B19DA1BCF0066A8E1 /* Release */,
			);
			defaultConfigurationIsVisible = 0;
		};
/* End XCConfigurationList section */
	};
	rootObject = 1995FD1B19DA1BCF0066A8E1 /* Project object */;
}
